
Microsoft Visual Studio Solution File, Format Version 12.00
# Visual Studio Version 17
VisualStudioVersion = 17.5.33530.505
MinimumVisualStudioVersion = 10.0.40219.1
Project("{FAE04EC0-301F-11D3-BF4B-00C04F79EFBC}") = "BlazorConfigExample.Server", "Server\BlazorConfigExample.Server.csproj", "{BA867B86-23BF-4D39-BCB8-08BDC5F9B566}"
EndProject
Project("{FAE04EC0-301F-11D3-BF4B-00C04F79EFBC}") = "BlazorConfigExample.Client", "Client\BlazorConfigExample.Client.csproj", "{0839D269-BB30-4E84-AD6E-61BBB7BF78F2}"
EndProject
Project("{FAE04EC0-301F-11D3-BF4B-00C04F79EFBC}") = "BlazorConfigExample.Shared", "Shared\BlazorConfigExample.Shared.csproj", "{FCEBF41A-F029-466E-8AFD-3B5AA4D79F5C}"
EndProject
Global
	GlobalSection(SolutionConfigurationPlatforms) = preSolution
		Debug|Any CPU = Debug|Any CPU
		Release|Any CPU = Release|Any CPU
	EndGlobalSection
	GlobalSection(ProjectConfigurationPlatforms) = postSolution
		{BA867B86-23BF-4D39-BCB8-08BDC5F9B566}.Debug|Any CPU.ActiveCfg = Debug|Any CPU
		{BA867B86-23BF-4D39-BCB8-08BDC5F9B566}.Debug|Any CPU.Build.0 = Debug|Any CPU
		{BA867B86-23BF-4D39-BCB8-08BDC5F9B566}.Release|Any CPU.ActiveCfg = Release|Any CPU
		{BA867B86-23BF-4D39-BCB8-08BDC5F9B566}.Release|Any CPU.Build.0 = Release|Any CPU
		{0839D269-BB30-4E84-AD6E-61BBB7BF78F2}.Debug|Any CPU.ActiveCfg = Debug|Any CPU
		{0839D269-BB30-4E84-AD6E-61BBB7BF78F2}.Debug|Any CPU.Build.0 = Debug|Any CPU
		{0839D269-BB30-4E84-AD6E-61BBB7BF78F2}.Release|Any CPU.ActiveCfg = Release|Any CPU
		{0839D269-BB30-4E84-AD6E-61BBB7BF78F2}.Release|Any CPU.Build.0 = Release|Any CPU
		{FCEBF41A-F029-466E-8AFD-3B5AA4D79F5C}.Debug|Any CPU.ActiveCfg = Debug|Any CPU
		{FCEBF41A-F029-466E-8AFD-3B5AA4D79F5C}.Debug|Any CPU.Build.0 = Debug|Any CPU
		{FCEBF41A-F029-466E-8AFD-3B5AA4D79F5C}.Release|Any CPU.ActiveCfg = Release|Any CPU
		{FCEBF41A-F029-466E-8AFD-3B5AA4D79F5C}.Release|Any CPU.Build.0 = Release|Any CPU
	EndGlobalSection
	GlobalSection(SolutionProperties) = preSolution
		HideSolutionNode = FALSE
	EndGlobalSection
	GlobalSection(ExtensibilityGlobals) = postSolution
		SolutionGuid = {99FE9D33-692F-4E66-A848-9C5BB124BEB1}
	EndGlobalSection
EndGlobal
